// !$*UTF8*$!
{
	archiveVersion = 1;
	classes = {
	};
	objectVersion = 48;
	objects = {

/* Begin PBXBuildFile section */
		9D700CB61FB2499500D9CA1D /* UserInput.m in Sources */ = {isa = PBXBuildFile; fileRef = 9D700CB51FB2499500D9CA1D /* UserInput.m */; };
		9D700CFC1FB27FB200D9CA1D /* NSString+Pig.m in Sources */ = {isa = PBXBuildFile; fileRef = 9D700CFB1FB27FB200D9CA1D /* NSString+Pig.m */; };
		9DBEF8B41FB239FD00F433EF /* main.m in Sources */ = {isa = PBXBuildFile; fileRef = 9DBEF8B31FB239FD00F433EF /* main.m */; };
/* End PBXBuildFile section */

/* Begin PBXCopyFilesBuildPhase section */
		9DBEF8AE1FB239FD00F433EF /* CopyFiles */ = {
			isa = PBXCopyFilesBuildPhase;
			buildActionMask = 2147483647;
			dstPath = /usr/share/man/man1/;
			dstSubfolderSpec = 0;
			files = (
			);
			runOnlyForDeploymentPostprocessing = 1;
		};
/* End PBXCopyFilesBuildPhase section */

/* Begin PBXFileReference section */
		9D700CB41FB2499500D9CA1D /* UserInput.h */ = {isa = PBXFileReference; lastKnownFileType = sourcecode.c.h; path = UserInput.h; sourceTree = "<group>"; };
		9D700CB51FB2499500D9CA1D /* UserInput.m */ = {isa = PBXFileReference; lastKnownFileType = sourcecode.c.objc; path = UserInput.m; sourceTree = "<group>"; };
		9D700CFB1FB27FB200D9CA1D /* NSString+Pig.m */ = {isa = PBXFileReference; lastKnownFileType = sourcecode.c.objc; path = "NSString+Pig.m"; sourceTree = "<group>"; };
		9DBEF8B01FB239FD00F433EF /* Day-5-Pig-Latin */ = {isa = PBXFileReference; explicitFileType = "compiled.mach-o.executable"; includeInIndex = 0; path = "Day-5-Pig-Latin"; sourceTree = BUILT_PRODUCTS_DIR; };
		9DBEF8B31FB239FD00F433EF /* main.m */ = {isa = PBXFileReference; lastKnownFileType = sourcecode.c.objc; path = main.m; sourceTree = "<group>"; };
		9DBEF8C11FB23C5400F433EF /* NSString+Pig.h */ = {isa = PBXFileReference; lastKnownFileType = sourcecode.c.h; path = "NSString+Pig.h"; sourceTree = "<group>"; };
/* End PBXFileReference section */

/* Begin PBXFrameworksBuildPhase section */
		9DBEF8AD1FB239FD00F433EF /* Frameworks */ = {
			isa = PBXFrameworksBuildPhase;
			buildActionMask = 2147483647;
			files = (
			);
			runOnlyForDeploymentPostprocessing = 0;
		};
/* End PBXFrameworksBuildPhase section */

/* Begin PBXGroup section */
		9DBEF8A71FB239FD00F433EF = {
			isa = PBXGroup;
			children = (
				9DBEF8B21FB239FD00F433EF /* Day-5-Pig-Latin */,
				9DBEF8B11FB239FD00F433EF /* Products */,
			);
			sourceTree = "<group>";
		};
		9DBEF8B11FB239FD00F433EF /* Products */ = {
			isa = PBXGroup;
			children = (
				9DBEF8B01FB239FD00F433EF /* Day-5-Pig-Latin */,
			);
			name = Products;
			sourceTree = "<group>";
		};
		9DBEF8B21FB239FD00F433EF /* Day-5-Pig-Latin */ = {
			isa = PBXGroup;
			children = (
				9DBEF8B31FB239FD00F433EF /* main.m */,
				9DBEF8C11FB23C5400F433EF /* NSString+Pig.h */,
				9D700CFB1FB27FB200D9CA1D /* NSString+Pig.m */,
				9D700CB41FB2499500D9CA1D /* UserInput.h */,
				9D700CB51FB2499500D9CA1D /* UserInput.m */,
			);
			path = "Day-5-Pig-Latin";
			sourceTree = "<group>";
		};
/* End PBXGroup section */

/* Begin PBXNativeTarget section */
		9DBEF8AF1FB239FD00F433EF /* Day-5-Pig-Latin */ = {
			isa = PBXNativeTarget;
			buildConfigurationList = 9DBEF8B71FB239FD00F433EF /* Build configuration list for PBXNativeTarget "Day-5-Pig-Latin" */;
			buildPhases = (
				9DBEF8AC1FB239FD00F433EF /* Sources */,
				9DBEF8AD1FB239FD00F433EF /* Frameworks */,
				9DBEF8AE1FB239FD00F433EF /* CopyFiles */,
			);
			buildRules = (
			);
			dependencies = (
			);
			name = "Day-5-Pig-Latin";
			productName = "Day-5-Pig-Latin";
			productReference = 9DBEF8B01FB239FD00F433EF /* Day-5-Pig-Latin */;
			productType = "com.apple.product-type.tool";
		};
/* End PBXNativeTarget section */

/* Begin PBXProject section */
		9DBEF8A81FB239FD00F433EF /* Project object */ = {
			isa = PBXProject;
			attributes = {
				LastUpgradeCheck = 0910;
				ORGANIZATIONNAME = mumu;
				TargetAttributes = {
					9DBEF8AF1FB239FD00F433EF = {
						CreatedOnToolsVersion = 9.1;
						ProvisioningStyle = Automatic;
					};
				};
			};
			buildConfigurationList = 9DBEF8AB1FB239FD00F433EF /* Build configuration list for PBXProject "Day-5-Pig-Latin" */;
			compatibilityVersion = "Xcode 8.0";
			developmentRegion = en;
			hasScannedForEncodings = 0;
			knownRegions = (
				en,
			);
			mainGroup = 9DBEF8A71FB239FD00F433EF;
			productRefGroup = 9DBEF8B11FB239FD00F433EF /* Products */;
			projectDirPath = "";
			projectRoot = "";
			targets = (
				9DBEF8AF1FB239FD00F433EF /* Day-5-Pig-Latin */,
			);
		};
/* End PBXProject section */

/* Begin PBXSourcesBuildPhase section */
		9DBEF8AC1FB239FD00F433EF /* Sources */ = {
			isa = PBXSourcesBuildPhase;
			buildActionMask = 2147483647;
			files = (
				9DBEF8B41FB239FD00F433EF /* main.m in Sources */,
				9D700CB61FB2499500D9CA1D /* UserInput.m in Sources */,
				9D700CFC1FB27FB200D9CA1D /* NSString+Pig.m in Sources */,
			);
			runOnlyForDeploymentPostprocessing = 0;
		};
/* End PBXSourcesBuildPhase section */

/* Begin XCBuildConfiguration section */
		9DBEF8B51FB239FD00F433EF /* Debug */ = {
			isa = XCBuildConfiguration;
			buildSettings = {
				ALWAYS_SEARCH_USER_PATHS = NO;
				CLANG_ANALYZER_NONNULL = YES;
				CLANG_ANALYZER_NUMBER_OBJECT_CONVERSION = YES_AGGRESSIVE;
				CLANG_CXX_LANGUAGE_STANDARD = "gnu++14";
				CLANG_CXX_LIBRARY = "libc++";
				CLANG_ENABLE_MODULES = YES;
				CLANG_ENABLE_OBJC_ARC = YES;
				CLANG_WARN_BLOCK_CAPTURE_AUTORELEASING = YES;
				CLANG_WARN_BOOL_CONVERSION = YES;
				CLANG_WARN_COMMA = YES;
				CLANG_WARN_CONSTANT_CONVERSION = YES;
				CLANG_WARN_DIRECT_OBJC_ISA_USAGE = YES_ERROR;
				CLANG_WARN_DOCUMENTATION_COMMENTS = YES;
				CLANG_WARN_EMPTY_BODY = YES;
				CLANG_WARN_ENUM_CONVERSION = YES;
				CLANG_WARN_INFINITE_RECURSION = YES;
				CLANG_WARN_INT_CONVERSION = YES;
				CLANG_WARN_NON_LITERAL_NULL_CONVERSION = YES;
				CLANG_WARN_OBJC_LITERAL_CONVERSION = YES;
				CLANG_WARN_OBJC_ROOT_CLASS = YES_ERROR;
				CLANG_WARN_RANGE_LOOP_ANALYSIS = YES;
				CLANG_WARN_STRICT_PROTOTYPES = YES;
				CLANG_WARN_SUSPICIOUS_MOVE = YES;
				CLANG_WARN_UNGUARDED_AVAILABILITY = YES_AGGRESSIVE;
				CLANG_WARN_UNREACHABLE_CODE = YES;
				CLANG_WARN__DUPLICATE_METHOD_MATCH = YES;
				CODE_SIGN_IDENTITY = "Mac Developer";
				COPY_PHASE_STRIP = NO;
				DEBUG_INFORMATION_FORMAT = dwarf;
				ENABLE_STRICT_OBJC_MSGSEND = YES;
				ENABLE_TESTABILITY = YES;
				GCC_C_LANGUAGE_STANDARD = gnu11;
				GCC_DYNAMIC_NO_PIC = NO;
				GCC_NO_COMMON_BLOCKS = YES;
				GCC_OPTIMIZATION_LEVEL = 0;
				GCC_PREPROCESSOR_DEFINITIONS = (
					"DEBUG=1",
					"$(inherited)",
				);
				GCC_WARN_64_TO_32_BIT_CONVERSION = YES;
				GCC_WARN_ABOUT_RETURN_TYPE = YES_ERROR;
				GCC_WARN_UNDECLARED_SELECTOR = YES;
				GCC_WARN_UNINITIALIZED_AUTOS = YES_AGGRESSIVE;
				GCC_WARN_UNUSED_FUNCTION = YES;
				GCC_WARN_UNUSED_VARIABLE = YES;
				MACOSX_DEPLOYMENT_TARGET = 10.12;
				MTL_ENABLE_DEBUG_INFO = YES;
				ONLY_ACTIVE_ARCH = YES;
				SDKROOT = macosx;
			};
			name = Debug;
		};
		9DBEF8B61FB239FD00F433EF /* Release */ = {
			isa = XCBuildConfiguration;
			buildSettings = {
				ALWAYS_SEARCH_USER_PATHS = NO;
				CLANG_ANALYZER_NONNULL = YES;
				CLANG_ANALYZER_NUMBER_OBJECT_CONVERSION = YES_AGGRESSIVE;
				CLANG_CXX_LANGUAGE_STANDARD = "gnu++14";
				CLANG_CXX_LIBRARY = "libc++";
				CLANG_ENABLE_MODULES = YES;
				CLANG_ENABLE_OBJC_ARC = YES;
				CLANG_WARN_BLOCK_CAPTURE_AUTORELEASING = YES;
				CLANG_WARN_BOOL_CONVERSION = YES;
				CLANG_WARN_COMMA = YES;
				CLANG_WARN_CONSTANT_CONVERSION = YES;
				CLANG_WARN_DIRECT_OBJC_ISA_USAGE = YES_ERROR;
				CLANG_WARN_DOCUMENTATION_COMMENTS = YES;
				CLANG_WARN_EMPTY_BODY = YES;
				CLANG_WARN_ENUM_CONVERSION = YES;
				CLANG_WARN_INFINITE_RECURSION = YES;
				CLANG_WARN_INT_CONVERSION = YES;
				CLANG_WARN_NON_LITERAL_NULL_CONVERSION = YES;
				CLANG_WARN_OBJC_LITERAL_CONVERSION = YES;
				CLANG_WARN_OBJC_ROOT_CLASS = YES_ERROR;
				CLANG_WARN_RANGE_LOOP_ANALYSIS = YES;
				CLANG_WARN_STRICT_PROTOTYPES = YES;
				CLANG_WARN_SUSPICIOUS_MOVE = YES;
				CLANG_WARN_UNGUARDED_AVAILABILITY = YES_AGGRESSIVE;
				CLANG_WARN_UNREACHABLE_CODE = YES;
				CLANG_WARN__DUPLICATE_METHOD_MATCH = YES;
				CODE_SIGN_IDENTITY = "Mac Developer";
				COPY_PHASE_STRIP = NO;
				DEBUG_INFORMATION_FORMAT = "dwarf-with-dsym";
				ENABLE_NS_ASSERTIONS = NO;
				ENABLE_STRICT_OBJC_MSGSEND = YES;
				GCC_C_LANGUAGE_STANDARD = gnu11;
				GCC_NO_COMMON_BLOCKS = YES;
				GCC_WARN_64_TO_32_BIT_CONVERSION = YES;
				GCC_WARN_ABOUT_RETURN_TYPE = YES_ERROR;
				GCC_WARN_UNDECLARED_SELECTOR = YES;
				GCC_WARN_UNINITIALIZED_AUTOS = YES_AGGRESSIVE;
				GCC_WARN_UNUSED_FUNCTION = YES;
				GCC_WARN_UNUSED_VARIABLE = YES;
				MACOSX_DEPLOYMENT_TARGET = 10.12;
				MTL_ENABLE_DEBUG_INFO = NO;
				SDKROOT = macosx;
			};
			name = Release;
		};
		9DBEF8B81FB239FD00F433EF /* Debug */ = {
			isa = XCBuildConfiguration;
			buildSettings = {
				CODE_SIGN_STYLE = Automatic;
				DEVELOPMENT_TEAM = KHBM4524SZ;
				PRODUCT_NAME = "$(TARGET_NAME)";
			};
			name = Debug;
		};
		9DBEF8B91FB239FD00F433EF /* Release */ = {
			isa = XCBuildConfiguration;
			buildSettings = {
				CODE_SIGN_STYLE = Automatic;
				DEVELOPMENT_TEAM = KHBM4524SZ;
				PRODUCT_NAME = "$(TARGET_NAME)";
			};
			name = Release;
		};
/* End XCBuildConfiguration section */

/* Begin XCConfigurationList section */
		9DBEF8AB1FB239FD00F433EF /* Build configuration list for PBXProject "Day-5-Pig-Latin" */ = {
			isa = XCConfigurationList;
			buildConfigurations = (
				9DBEF8B51FB239FD00F433EF /* Debug */,
				9DBEF8B61FB239FD00F433EF /* Release */,
			);
			defaultConfigurationIsVisible = 0;
			defaultConfigurationName = Release;
		};
		9DBEF8B71FB239FD00F433EF /* Build configuration list for PBXNativeTarget "Day-5-Pig-Latin" */ = {
			isa = XCConfigurationList;
			buildConfigurations = (
				9DBEF8B81FB239FD00F433EF /* Debug */,
				9DBEF8B91FB239FD00F433EF /* Release */,
			);
			defaultConfigurationIsVisible = 0;
			defaultConfigurationName = Release;
		};
/* End XCConfigurationList section */
	};
	rootObject = 9DBEF8A81FB239FD00F433EF /* Project object */;
}
